{
  "pins" : [
    {
      "identity" : "idevicedebuglauncherlib",
      "kind" : "remoteSourceControl",
      "location" : "https://github.com/jeroenwk/idevicedebuglauncherlib",
      "state" : {
        "branch" : "main",
        "revision" : "446d452eb3f27f62aa415feb429b0bdedf293a16"
      }
    },
    {
      "identity" : "swifter",
      "kind" : "remoteSourceControl",
      "location" : "https://github.com/httpswift/swifter",
      "state" : {
        "revision" : "9483a5d459b45c3ffd059f7b55f9638e268632fd",
        "version" : "1.5.0"
      }
    }
  ],
  "version" : 2
}
