// !$*UTF8*$!
{
	archiveVersion = 1;
	classes = {
	};
	objectVersion = 56;
	objects = {

/* Begin PBXBuildFile section */
		1205D3522981151100BF36D0 /* compile in Resources */ = {isa = PBXBuildFile; fileRef = 1205D3512981151100BF36D0 /* compile */; };
		1224722B2981A0CA00A6FD9A /* json.swift in Sources */ = {isa = PBXBuildFile; fileRef = 1224722A2981A0CA00A6FD9A /* json.swift */; };
		1224722C2981A0CA00A6FD9A /* json.swift in Sources */ = {isa = PBXBuildFile; fileRef = 1224722A2981A0CA00A6FD9A /* json.swift */; };
		1264761E297FD41A0015A50A /* libcrypto.3.dylib in Frameworks */ = {isa = PBXBuildFile; fileRef = 1290BF95297C30AC002D960D /* libcrypto.3.dylib */; };
		1264761F297FD41A0015A50A /* libimobiledevice-1.0.6.dylib in Frameworks */ = {isa = PBXBuildFile; fileRef = 1290BF97297C30AC002D960D /* libimobiledevice-1.0.6.dylib */; };
		12647620297FD41A0015A50A /* libimobiledevice-glue-1.0.0.dylib in Frameworks */ = {isa = PBXBuildFile; fileRef = 1290BF96297C30AC002D960D /* libimobiledevice-glue-1.0.0.dylib */; };
		12647621297FD41A0015A50A /* libplist-2.0.3.dylib in Frameworks */ = {isa = PBXBuildFile; fileRef = 1290BF99297C30AC002D960D /* libplist-2.0.3.dylib */; };
		12647622297FD41A0015A50A /* libssl.3.dylib in Frameworks */ = {isa = PBXBuildFile; fileRef = 1290BF9A297C30AC002D960D /* libssl.3.dylib */; };
		12647623297FD41A0015A50A /* libusbmuxd-2.0.6.dylib in Frameworks */ = {isa = PBXBuildFile; fileRef = 1290BF98297C30AC002D960D /* libusbmuxd-2.0.6.dylib */; };
		12647624297FD4370015A50A /* libcrypto.3.dylib in Embed Libraries */ = {isa = PBXBuildFile; fileRef = 1290BF95297C30AC002D960D /* libcrypto.3.dylib */; settings = {ATTRIBUTES = (CodeSignOnCopy, ); }; };
		12647626297FD4380015A50A /* libimobiledevice-1.0.6.dylib in Embed Libraries */ = {isa = PBXBuildFile; fileRef = 1290BF97297C30AC002D960D /* libimobiledevice-1.0.6.dylib */; settings = {ATTRIBUTES = (CodeSignOnCopy, ); }; };
		12647627297FD43A0015A50A /* libimobiledevice-glue-1.0.0.dylib in Embed Libraries */ = {isa = PBXBuildFile; fileRef = 1290BF96297C30AC002D960D /* libimobiledevice-glue-1.0.0.dylib */; settings = {ATTRIBUTES = (CodeSignOnCopy, ); }; };
		12647628297FD43B0015A50A /* libplist-2.0.3.dylib in Embed Libraries */ = {isa = PBXBuildFile; fileRef = 1290BF99297C30AC002D960D /* libplist-2.0.3.dylib */; settings = {ATTRIBUTES = (CodeSignOnCopy, ); }; };
		12647629297FD43D0015A50A /* libssl.3.dylib in Embed Libraries */ = {isa = PBXBuildFile; fileRef = 1290BF9A297C30AC002D960D /* libssl.3.dylib */; settings = {ATTRIBUTES = (CodeSignOnCopy, ); }; };
		1264762A297FD43E0015A50A /* libusbmuxd-2.0.6.dylib in Embed Libraries */ = {isa = PBXBuildFile; fileRef = 1290BF98297C30AC002D960D /* libusbmuxd-2.0.6.dylib */; settings = {ATTRIBUTES = (CodeSignOnCopy, ); }; };
		126918CD297E897E0031424C /* xpc.swift in Sources */ = {isa = PBXBuildFile; fileRef = 126918CC297E897E0031424C /* xpc.swift */; };
		126918CF297E982C0031424C /* Commands.swift in Sources */ = {isa = PBXBuildFile; fileRef = 126918CE297E982C0031424C /* Commands.swift */; };
		126918D0297EB2930031424C /* types.swift in Sources */ = {isa = PBXBuildFile; fileRef = 12F467D32979B67800FED23C /* types.swift */; };
		12849CF329827A0E00771E4B /* config.swift in Sources */ = {isa = PBXBuildFile; fileRef = 12849CF229827A0E00771E4B /* config.swift */; };
		1290BF9B297C30AC002D960D /* libcrypto.3.dylib in Frameworks */ = {isa = PBXBuildFile; fileRef = 1290BF95297C30AC002D960D /* libcrypto.3.dylib */; };
		1290BF9D297C30AC002D960D /* libimobiledevice-glue-1.0.0.dylib in Frameworks */ = {isa = PBXBuildFile; fileRef = 1290BF96297C30AC002D960D /* libimobiledevice-glue-1.0.0.dylib */; };
		1290BF9F297C30AC002D960D /* libimobiledevice-1.0.6.dylib in Frameworks */ = {isa = PBXBuildFile; fileRef = 1290BF97297C30AC002D960D /* libimobiledevice-1.0.6.dylib */; };
		1290BFA1297C30AC002D960D /* libusbmuxd-2.0.6.dylib in Frameworks */ = {isa = PBXBuildFile; fileRef = 1290BF98297C30AC002D960D /* libusbmuxd-2.0.6.dylib */; };
		1290BFA3297C30AC002D960D /* libplist-2.0.3.dylib in Frameworks */ = {isa = PBXBuildFile; fileRef = 1290BF99297C30AC002D960D /* libplist-2.0.3.dylib */; };
		1290BFA5297C30AC002D960D /* libssl.3.dylib in Frameworks */ = {isa = PBXBuildFile; fileRef = 1290BF9A297C30AC002D960D /* libssl.3.dylib */; };
		12A68D372983B5A60097B164 /* pair.c in Sources */ = {isa = PBXBuildFile; fileRef = 12A68D362983B5A60097B164 /* pair.c */; };
		12D7B16D2979C04600593124 /* main.swift in Sources */ = {isa = PBXBuildFile; fileRef = 12D7B16C2979C04600593124 /* main.swift */; };
		12E2F4D02983D3730009D7A7 /* logger.swift in Sources */ = {isa = PBXBuildFile; fileRef = 12E2F4CF2983D3730009D7A7 /* logger.swift */; };
		12E5BDD2297EF16A009B5BE2 /* libcrypto.3.dylib in Embed Libraries */ = {isa = PBXBuildFile; fileRef = 1290BF95297C30AC002D960D /* libcrypto.3.dylib */; settings = {ATTRIBUTES = (CodeSignOnCopy, ); }; };
		12E5BDD4297EF16C009B5BE2 /* libimobiledevice-1.0.6.dylib in Embed Libraries */ = {isa = PBXBuildFile; fileRef = 1290BF97297C30AC002D960D /* libimobiledevice-1.0.6.dylib */; settings = {ATTRIBUTES = (CodeSignOnCopy, ); }; };
		12E5BDD5297EF16D009B5BE2 /* libimobiledevice-glue-1.0.0.dylib in Embed Libraries */ = {isa = PBXBuildFile; fileRef = 1290BF96297C30AC002D960D /* libimobiledevice-glue-1.0.0.dylib */; settings = {ATTRIBUTES = (CodeSignOnCopy, ); }; };
		12E5BDD6297EF16F009B5BE2 /* libplist-2.0.3.dylib in Embed Libraries */ = {isa = PBXBuildFile; fileRef = 1290BF99297C30AC002D960D /* libplist-2.0.3.dylib */; settings = {ATTRIBUTES = (CodeSignOnCopy, ); }; };
		12E5BDD7297EF171009B5BE2 /* libssl.3.dylib in Embed Libraries */ = {isa = PBXBuildFile; fileRef = 1290BF9A297C30AC002D960D /* libssl.3.dylib */; settings = {ATTRIBUTES = (CodeSignOnCopy, ); }; };
		12E5BDD8297EF172009B5BE2 /* libusbmuxd-2.0.6.dylib in Embed Libraries */ = {isa = PBXBuildFile; fileRef = 1290BF98297C30AC002D960D /* libusbmuxd-2.0.6.dylib */; settings = {ATTRIBUTES = (CodeSignOnCopy, ); }; };
		12E5BDDB297F0227009B5BE2 /* com.jeroenwk.idevicedebuglauncher.plist in CopyFiles */ = {isa = PBXBuildFile; fileRef = 12F467CE2979B67800FED23C /* com.jeroenwk.idevicedebuglauncher.plist */; settings = {ATTRIBUTES = (CodeSignOnCopy, ); }; };
		12F09E272982D8E50024F11D /* OTPView.swift in Sources */ = {isa = PBXBuildFile; fileRef = 12F09E262982D8E50024F11D /* OTPView.swift */; };
		12F467AB2979B3EF00FED23C /* Main.swift in Sources */ = {isa = PBXBuildFile; fileRef = 12F467AA2979B3EF00FED23C /* Main.swift */; };
		12F467AD2979B3EF00FED23C /* ContentView.swift in Sources */ = {isa = PBXBuildFile; fileRef = 12F467AC2979B3EF00FED23C /* ContentView.swift */; };
		12F467AF2979B3F000FED23C /* Assets.xcassets in Resources */ = {isa = PBXBuildFile; fileRef = 12F467AE2979B3F000FED23C /* Assets.xcassets */; };
		12F467B22979B3F000FED23C /* Preview Assets.xcassets in Resources */ = {isa = PBXBuildFile; fileRef = 12F467B12979B3F000FED23C /* Preview Assets.xcassets */; };
		12F467C82979B5B200FED23C /* daemon in Resources */ = {isa = PBXBuildFile; fileRef = 12F467BD2979B4B100FED23C /* daemon */; settings = {ATTRIBUTES = (CodeSignOnCopy, ); }; };
		12F467D52979B67800FED23C /* ideviceinfo.c in Sources */ = {isa = PBXBuildFile; fileRef = 12F467CA2979B67800FED23C /* ideviceinfo.c */; };
		12F467D62979B67800FED23C /* arp.m in Sources */ = {isa = PBXBuildFile; fileRef = 12F467CB2979B67800FED23C /* arp.m */; };
		12F467D72979B67800FED23C /* address.m in Sources */ = {isa = PBXBuildFile; fileRef = 12F467CC2979B67800FED23C /* address.m */; };
		12F467D82979B67800FED23C /* chelpers.swift in Sources */ = {isa = PBXBuildFile; fileRef = 12F467CD2979B67800FED23C /* chelpers.swift */; };
		12F467D92979B67800FED23C /* idevicedebug.c in Sources */ = {isa = PBXBuildFile; fileRef = 12F467CF2979B67800FED23C /* idevicedebug.c */; };
		12F467DB2979B67800FED23C /* server.swift in Sources */ = {isa = PBXBuildFile; fileRef = 12F467D12979B67800FED23C /* server.swift */; };
		12F467DC2979B67800FED23C /* routes.swift in Sources */ = {isa = PBXBuildFile; fileRef = 12F467D22979B67800FED23C /* routes.swift */; };
		12F467DD2979B67800FED23C /* types.swift in Sources */ = {isa = PBXBuildFile; fileRef = 12F467D32979B67800FED23C /* types.swift */; };
		12F467DE2979B67800FED23C /* lib.swift in Sources */ = {isa = PBXBuildFile; fileRef = 12F467D42979B67800FED23C /* lib.swift */; };
		12F467E52979B81900FED23C /* Swifter in Frameworks */ = {isa = PBXBuildFile; productRef = 12F467E42979B81900FED23C /* Swifter */; };
/* End PBXBuildFile section */

/* Begin PBXContainerItemProxy section */
		126918DD297ED99D0031424C /* PBXContainerItemProxy */ = {
			isa = PBXContainerItemProxy;
			containerPortal = 12F4679F2979B3EF00FED23C /* Project object */;
			proxyType = 1;
			remoteGlobalIDString = 12F467A62979B3EF00FED23C;
			remoteInfo = idevicedebuglauncher;
		};
		12F467C52979B5A000FED23C /* PBXContainerItemProxy */ = {
			isa = PBXContainerItemProxy;
			containerPortal = 12F4679F2979B3EF00FED23C /* Project object */;
			proxyType = 1;
			remoteGlobalIDString = 12F467BC2979B4B100FED23C;
			remoteInfo = daemon;
		};
/* End PBXContainerItemProxy section */

/* Begin PBXCopyFilesBuildPhase section */
		12647625297FD4370015A50A /* Embed Libraries */ = {
			isa = PBXCopyFilesBuildPhase;
			buildActionMask = 2147483647;
			dstPath = "";
			dstSubfolderSpec = 10;
			files = (
				1264762A297FD43E0015A50A /* libusbmuxd-2.0.6.dylib in Embed Libraries */,
				12647629297FD43D0015A50A /* libssl.3.dylib in Embed Libraries */,
				12647627297FD43A0015A50A /* libimobiledevice-glue-1.0.0.dylib in Embed Libraries */,
				12647626297FD4380015A50A /* libimobiledevice-1.0.6.dylib in Embed Libraries */,
				12647624297FD4370015A50A /* libcrypto.3.dylib in Embed Libraries */,
				12647628297FD43B0015A50A /* libplist-2.0.3.dylib in Embed Libraries */,
			);
			name = "Embed Libraries";
			runOnlyForDeploymentPostprocessing = 0;
		};
		12E5BDD3297EF16A009B5BE2 /* Embed Libraries */ = {
			isa = PBXCopyFilesBuildPhase;
			buildActionMask = 2147483647;
			dstPath = "";
			dstSubfolderSpec = 10;
			files = (
				12E5BDD8297EF172009B5BE2 /* libusbmuxd-2.0.6.dylib in Embed Libraries */,
				12E5BDD7297EF171009B5BE2 /* libssl.3.dylib in Embed Libraries */,
				12E5BDD5297EF16D009B5BE2 /* libimobiledevice-glue-1.0.0.dylib in Embed Libraries */,
				12E5BDD4297EF16C009B5BE2 /* libimobiledevice-1.0.6.dylib in Embed Libraries */,
				12E5BDD2297EF16A009B5BE2 /* libcrypto.3.dylib in Embed Libraries */,
				12E5BDD6297EF16F009B5BE2 /* libplist-2.0.3.dylib in Embed Libraries */,
			);
			name = "Embed Libraries";
			runOnlyForDeploymentPostprocessing = 0;
		};
		12E5BDDA297F0217009B5BE2 /* CopyFiles */ = {
			isa = PBXCopyFilesBuildPhase;
			buildActionMask = 2147483647;
			dstPath = Contents/Library/LaunchDaemons;
			dstSubfolderSpec = 1;
			files = (
				12E5BDDB297F0227009B5BE2 /* com.jeroenwk.idevicedebuglauncher.plist in CopyFiles */,
			);
			runOnlyForDeploymentPostprocessing = 0;
		};
/* End PBXCopyFilesBuildPhase section */

/* Begin PBXFileReference section */
		1205D3512981151100BF36D0 /* compile */ = {isa = PBXFileReference; fileEncoding = 4; lastKnownFileType = text.script.sh; path = compile; sourceTree = "<group>"; };
		12247228298159CD00A6FD9A /* install */ = {isa = PBXFileReference; lastKnownFileType = text.script.sh; path = install; sourceTree = "<group>"; };
		12247229298159FC00A6FD9A /* run */ = {isa = PBXFileReference; lastKnownFileType = text.script.sh; path = run; sourceTree = "<group>"; };
		1224722A2981A0CA00A6FD9A /* json.swift */ = {isa = PBXFileReference; lastKnownFileType = sourcecode.swift; path = json.swift; sourceTree = "<group>"; };
		126918CC297E897E0031424C /* xpc.swift */ = {isa = PBXFileReference; lastKnownFileType = sourcecode.swift; path = xpc.swift; sourceTree = "<group>"; };
		126918CE297E982C0031424C /* Commands.swift */ = {isa = PBXFileReference; lastKnownFileType = sourcecode.swift; path = Commands.swift; sourceTree = "<group>"; };
		126918D5297ED8540031424C /* installer */ = {isa = PBXFileReference; explicitFileType = "compiled.mach-o.executable"; includeInIndex = 0; path = installer; sourceTree = BUILT_PRODUCTS_DIR; };
		12849CF229827A0E00771E4B /* config.swift */ = {isa = PBXFileReference; lastKnownFileType = sourcecode.swift; path = config.swift; sourceTree = "<group>"; };
		1290BF95297C30AC002D960D /* libcrypto.3.dylib */ = {isa = PBXFileReference; lastKnownFileType = "compiled.mach-o.dylib"; name = libcrypto.3.dylib; path = lib/universal/libcrypto.3.dylib; sourceTree = "<group>"; };
		1290BF96297C30AC002D960D /* libimobiledevice-glue-1.0.0.dylib */ = {isa = PBXFileReference; lastKnownFileType = "compiled.mach-o.dylib"; name = "libimobiledevice-glue-1.0.0.dylib"; path = "lib/universal/libimobiledevice-glue-1.0.0.dylib"; sourceTree = "<group>"; };
		1290BF97297C30AC002D960D /* libimobiledevice-1.0.6.dylib */ = {isa = PBXFileReference; lastKnownFileType = "compiled.mach-o.dylib"; name = "libimobiledevice-1.0.6.dylib"; path = "lib/universal/libimobiledevice-1.0.6.dylib"; sourceTree = "<group>"; };
		1290BF98297C30AC002D960D /* libusbmuxd-2.0.6.dylib */ = {isa = PBXFileReference; lastKnownFileType = "compiled.mach-o.dylib"; name = "libusbmuxd-2.0.6.dylib"; path = "lib/universal/libusbmuxd-2.0.6.dylib"; sourceTree = "<group>"; };
		1290BF99297C30AC002D960D /* libplist-2.0.3.dylib */ = {isa = PBXFileReference; lastKnownFileType = "compiled.mach-o.dylib"; name = "libplist-2.0.3.dylib"; path = "lib/universal/libplist-2.0.3.dylib"; sourceTree = "<group>"; };
		1290BF9A297C30AC002D960D /* libssl.3.dylib */ = {isa = PBXFileReference; lastKnownFileType = "compiled.mach-o.dylib"; name = libssl.3.dylib; path = lib/universal/libssl.3.dylib; sourceTree = "<group>"; };
		12A68D362983B5A60097B164 /* pair.c */ = {isa = PBXFileReference; lastKnownFileType = sourcecode.c.c; path = pair.c; sourceTree = "<group>"; };
		12D7B16C2979C04600593124 /* main.swift */ = {isa = PBXFileReference; fileEncoding = 4; lastKnownFileType = sourcecode.swift; path = main.swift; sourceTree = "<group>"; };
		12E2F4CF2983D3730009D7A7 /* logger.swift */ = {isa = PBXFileReference; lastKnownFileType = sourcecode.swift; path = logger.swift; sourceTree = "<group>"; };
		12E5BDCF297EEDB2009B5BE2 /* postinstall.sh */ = {isa = PBXFileReference; fileEncoding = 4; lastKnownFileType = text.script.sh; path = postinstall.sh; sourceTree = "<group>"; };
		12E5BDD0297EEDBD009B5BE2 /* generate_pkg.zsh */ = {isa = PBXFileReference; fileEncoding = 4; lastKnownFileType = text.script.sh; path = generate_pkg.zsh; sourceTree = "<group>"; };
		12E5BDD1297EEEA8009B5BE2 /* Info.plist */ = {isa = PBXFileReference; lastKnownFileType = text.plist.xml; path = Info.plist; sourceTree = "<group>"; };
		12E5BDD9297EFDEA009B5BE2 /* installer.entitlements */ = {isa = PBXFileReference; lastKnownFileType = text.plist.entitlements; path = installer.entitlements; sourceTree = "<group>"; };
		12F09E262982D8E50024F11D /* OTPView.swift */ = {isa = PBXFileReference; lastKnownFileType = sourcecode.swift; path = OTPView.swift; sourceTree = "<group>"; };
		12F467A72979B3EF00FED23C /* idevicedebuglauncher.app */ = {isa = PBXFileReference; explicitFileType = wrapper.application; includeInIndex = 0; path = idevicedebuglauncher.app; sourceTree = BUILT_PRODUCTS_DIR; };
		12F467AA2979B3EF00FED23C /* Main.swift */ = {isa = PBXFileReference; lastKnownFileType = sourcecode.swift; path = Main.swift; sourceTree = "<group>"; };
		12F467AC2979B3EF00FED23C /* ContentView.swift */ = {isa = PBXFileReference; lastKnownFileType = sourcecode.swift; path = ContentView.swift; sourceTree = "<group>"; };
		12F467AE2979B3F000FED23C /* Assets.xcassets */ = {isa = PBXFileReference; lastKnownFileType = folder.assetcatalog; path = Assets.xcassets; sourceTree = "<group>"; };
		12F467B12979B3F000FED23C /* Preview Assets.xcassets */ = {isa = PBXFileReference; lastKnownFileType = folder.assetcatalog; path = "Preview Assets.xcassets"; sourceTree = "<group>"; };
		12F467B32979B3F000FED23C /* idevicedebuglauncher.entitlements */ = {isa = PBXFileReference; lastKnownFileType = text.plist.entitlements; path = idevicedebuglauncher.entitlements; sourceTree = "<group>"; };
		12F467BD2979B4B100FED23C /* daemon */ = {isa = PBXFileReference; explicitFileType = "compiled.mach-o.executable"; includeInIndex = 0; path = daemon; sourceTree = BUILT_PRODUCTS_DIR; };
		12F467C42979B4B900FED23C /* daemon.entitlements */ = {isa = PBXFileReference; lastKnownFileType = text.plist.entitlements; path = daemon.entitlements; sourceTree = "<group>"; };
		12F467C92979B67800FED23C /* daemon-Bridging-Header.h */ = {isa = PBXFileReference; lastKnownFileType = sourcecode.c.h; path = "daemon-Bridging-Header.h"; sourceTree = "<group>"; };
		12F467CA2979B67800FED23C /* ideviceinfo.c */ = {isa = PBXFileReference; fileEncoding = 4; lastKnownFileType = sourcecode.c.c; path = ideviceinfo.c; sourceTree = "<group>"; };
		12F467CB2979B67800FED23C /* arp.m */ = {isa = PBXFileReference; fileEncoding = 4; lastKnownFileType = sourcecode.c.objc; path = arp.m; sourceTree = "<group>"; };
		12F467CC2979B67800FED23C /* address.m */ = {isa = PBXFileReference; fileEncoding = 4; lastKnownFileType = sourcecode.c.objc; path = address.m; sourceTree = "<group>"; };
		12F467CD2979B67800FED23C /* chelpers.swift */ = {isa = PBXFileReference; fileEncoding = 4; lastKnownFileType = sourcecode.swift; path = chelpers.swift; sourceTree = "<group>"; };
		12F467CE2979B67800FED23C /* com.jeroenwk.idevicedebuglauncher.plist */ = {isa = PBXFileReference; fileEncoding = 4; lastKnownFileType = text.plist.xml; path = com.jeroenwk.idevicedebuglauncher.plist; sourceTree = "<group>"; };
		12F467CF2979B67800FED23C /* idevicedebug.c */ = {isa = PBXFileReference; fileEncoding = 4; lastKnownFileType = sourcecode.c.c; path = idevicedebug.c; sourceTree = "<group>"; };
		12F467D12979B67800FED23C /* server.swift */ = {isa = PBXFileReference; fileEncoding = 4; lastKnownFileType = sourcecode.swift; path = server.swift; sourceTree = "<group>"; };
		12F467D22979B67800FED23C /* routes.swift */ = {isa = PBXFileReference; fileEncoding = 4; lastKnownFileType = sourcecode.swift; path = routes.swift; sourceTree = "<group>"; };
		12F467D32979B67800FED23C /* types.swift */ = {isa = PBXFileReference; fileEncoding = 4; lastKnownFileType = sourcecode.swift; path = types.swift; sourceTree = "<group>"; };
		12F467D42979B67800FED23C /* lib.swift */ = {isa = PBXFileReference; fileEncoding = 4; lastKnownFileType = sourcecode.swift; path = lib.swift; sourceTree = "<group>"; };
		12F467DF2979B72300FED23C /* include */ = {isa = PBXFileReference; lastKnownFileType = folder; path = include; sourceTree = "<group>"; };
		12F467E62979B88200FED23C /* lib */ = {isa = PBXFileReference; lastKnownFileType = folder; path = lib; sourceTree = "<group>"; };
		12FC23312979E39A0065687B /* README.md */ = {isa = PBXFileReference; lastKnownFileType = net.daringfireball.markdown; path = README.md; sourceTree = "<group>"; };
/* End PBXFileReference section */

/* Begin PBXFrameworksBuildPhase section */
		12F467A42979B3EF00FED23C /* Frameworks */ = {
			isa = PBXFrameworksBuildPhase;
			buildActionMask = 2147483647;
			files = (
				1264761E297FD41A0015A50A /* libcrypto.3.dylib in Frameworks */,
				1264761F297FD41A0015A50A /* libimobiledevice-1.0.6.dylib in Frameworks */,
				12647620297FD41A0015A50A /* libimobiledevice-glue-1.0.0.dylib in Frameworks */,
				12647621297FD41A0015A50A /* libplist-2.0.3.dylib in Frameworks */,
				12647622297FD41A0015A50A /* libssl.3.dylib in Frameworks */,
				12647623297FD41A0015A50A /* libusbmuxd-2.0.6.dylib in Frameworks */,
			);
			runOnlyForDeploymentPostprocessing = 0;
		};
		12F467BA2979B4B100FED23C /* Frameworks */ = {
			isa = PBXFrameworksBuildPhase;
			buildActionMask = 2147483647;
			files = (
				1290BF9D297C30AC002D960D /* libimobiledevice-glue-1.0.0.dylib in Frameworks */,
				1290BF9B297C30AC002D960D /* libcrypto.3.dylib in Frameworks */,
				1290BF9F297C30AC002D960D /* libimobiledevice-1.0.6.dylib in Frameworks */,
				1290BFA5297C30AC002D960D /* libssl.3.dylib in Frameworks */,
				12F467E52979B81900FED23C /* Swifter in Frameworks */,
				1290BFA1297C30AC002D960D /* libusbmuxd-2.0.6.dylib in Frameworks */,
				1290BFA3297C30AC002D960D /* libplist-2.0.3.dylib in Frameworks */,
			);
			runOnlyForDeploymentPostprocessing = 0;
		};
/* End PBXFrameworksBuildPhase section */

/* Begin PBXGroup section */
		126918C9297E74E10031424C /* scripts */ = {
			isa = PBXGroup;
			children = (
				12E5BDCF297EEDB2009B5BE2 /* postinstall.sh */,
			);
			path = scripts;
			sourceTree = "<group>";
		};
		126918D6297ED8540031424C /* installer */ = {
			isa = PBXGroup;
			children = (
				12E5BDD9297EFDEA009B5BE2 /* installer.entitlements */,
				12E5BDD0297EEDBD009B5BE2 /* generate_pkg.zsh */,
				126918C9297E74E10031424C /* scripts */,
				12E5BDD1297EEEA8009B5BE2 /* Info.plist */,
			);
			path = installer;
			sourceTree = "<group>";
		};
		12F4679E2979B3EF00FED23C = {
			isa = PBXGroup;
			children = (
				12247229298159FC00A6FD9A /* run */,
				12247228298159CD00A6FD9A /* install */,
				1205D3512981151100BF36D0 /* compile */,
				12FC23312979E39A0065687B /* README.md */,
				12F467E62979B88200FED23C /* lib */,
				12F467DF2979B72300FED23C /* include */,
				1224722A2981A0CA00A6FD9A /* json.swift */,
				12F467D32979B67800FED23C /* types.swift */,
				12F467A92979B3EF00FED23C /* idevicedebuglauncher */,
				12F467BE2979B4B100FED23C /* daemon */,
				126918D6297ED8540031424C /* installer */,
				12F467A82979B3EF00FED23C /* Products */,
				12F467E32979B81900FED23C /* Frameworks */,
			);
			sourceTree = "<group>";
		};
		12F467A82979B3EF00FED23C /* Products */ = {
			isa = PBXGroup;
			children = (
				12F467A72979B3EF00FED23C /* idevicedebuglauncher.app */,
				12F467BD2979B4B100FED23C /* daemon */,
				126918D5297ED8540031424C /* installer */,
			);
			name = Products;
			sourceTree = "<group>";
		};
		12F467A92979B3EF00FED23C /* idevicedebuglauncher */ = {
			isa = PBXGroup;
			children = (
				12F467AA2979B3EF00FED23C /* Main.swift */,
				12F467AC2979B3EF00FED23C /* ContentView.swift */,
				12F09E262982D8E50024F11D /* OTPView.swift */,
				126918CE297E982C0031424C /* Commands.swift */,
				12F467AE2979B3F000FED23C /* Assets.xcassets */,
				12F467B32979B3F000FED23C /* idevicedebuglauncher.entitlements */,
				12F467B02979B3F000FED23C /* Preview Content */,
			);
			path = idevicedebuglauncher;
			sourceTree = "<group>";
		};
		12F467B02979B3F000FED23C /* Preview Content */ = {
			isa = PBXGroup;
			children = (
				12F467B12979B3F000FED23C /* Preview Assets.xcassets */,
			);
			path = "Preview Content";
			sourceTree = "<group>";
		};
		12F467BE2979B4B100FED23C /* daemon */ = {
			isa = PBXGroup;
			children = (
				12F467CE2979B67800FED23C /* com.jeroenwk.idevicedebuglauncher.plist */,
				12849CF229827A0E00771E4B /* config.swift */,
				12D7B16C2979C04600593124 /* main.swift */,
				126918CC297E897E0031424C /* xpc.swift */,
				12F467D12979B67800FED23C /* server.swift */,
				12F467D22979B67800FED23C /* routes.swift */,
				12F467D42979B67800FED23C /* lib.swift */,
				12F467CD2979B67800FED23C /* chelpers.swift */,
				12F467C92979B67800FED23C /* daemon-Bridging-Header.h */,
				12F467CC2979B67800FED23C /* address.m */,
				12F467CB2979B67800FED23C /* arp.m */,
				12F467CF2979B67800FED23C /* idevicedebug.c */,
				12A68D362983B5A60097B164 /* pair.c */,
				12F467CA2979B67800FED23C /* ideviceinfo.c */,
				12F467C42979B4B900FED23C /* daemon.entitlements */,
				12E2F4CF2983D3730009D7A7 /* logger.swift */,
			);
			path = daemon;
			sourceTree = "<group>";
		};
		12F467E32979B81900FED23C /* Frameworks */ = {
			isa = PBXGroup;
			children = (
				1290BF95297C30AC002D960D /* libcrypto.3.dylib */,
				1290BF97297C30AC002D960D /* libimobiledevice-1.0.6.dylib */,
				1290BF96297C30AC002D960D /* libimobiledevice-glue-1.0.0.dylib */,
				1290BF99297C30AC002D960D /* libplist-2.0.3.dylib */,
				1290BF9A297C30AC002D960D /* libssl.3.dylib */,
				1290BF98297C30AC002D960D /* libusbmuxd-2.0.6.dylib */,
			);
			name = Frameworks;
			sourceTree = "<group>";
		};
/* End PBXGroup section */

/* Begin PBXNativeTarget section */
		126918D4297ED8540031424C /* installer */ = {
			isa = PBXNativeTarget;
			buildConfigurationList = 126918DB297ED8540031424C /* Build configuration list for PBXNativeTarget "installer" */;
			buildPhases = (
				126918DC297ED8940031424C /* Generate Installer Package */,
			);
			buildRules = (
			);
			dependencies = (
				126918DE297ED99D0031424C /* PBXTargetDependency */,
			);
			name = installer;
			productName = installer;
			productReference = 126918D5297ED8540031424C /* installer */;
			productType = "com.apple.product-type.tool";
		};
		12F467A62979B3EF00FED23C /* idevicedebuglauncher */ = {
			isa = PBXNativeTarget;
			buildConfigurationList = 12F467B62979B3F000FED23C /* Build configuration list for PBXNativeTarget "idevicedebuglauncher" */;
			buildPhases = (
				12F467A32979B3EF00FED23C /* Sources */,
				12F467A42979B3EF00FED23C /* Frameworks */,
				12F467A52979B3EF00FED23C /* Resources */,
				12E5BDDA297F0217009B5BE2 /* CopyFiles */,
				12647625297FD4370015A50A /* Embed Libraries */,
			);
			buildRules = (
			);
			dependencies = (
				12F467C62979B5A000FED23C /* PBXTargetDependency */,
			);
			name = idevicedebuglauncher;
			packageProductDependencies = (
			);
			productName = idevicedebuglauncher;
			productReference = 12F467A72979B3EF00FED23C /* idevicedebuglauncher.app */;
			productType = "com.apple.product-type.application";
		};
		12F467BC2979B4B100FED23C /* daemon */ = {
			isa = PBXNativeTarget;
			buildConfigurationList = 12F467C12979B4B100FED23C /* Build configuration list for PBXNativeTarget "daemon" */;
			buildPhases = (
				12F467B92979B4B100FED23C /* Sources */,
				12F467BA2979B4B100FED23C /* Frameworks */,
				12E5BDD3297EF16A009B5BE2 /* Embed Libraries */,
			);
			buildRules = (
			);
			dependencies = (
			);
			name = daemon;
			packageProductDependencies = (
				12F467E42979B81900FED23C /* Swifter */,
			);
			productName = daemon;
			productReference = 12F467BD2979B4B100FED23C /* daemon */;
			productType = "com.apple.product-type.tool";
		};
/* End PBXNativeTarget section */

/* Begin PBXProject section */
		12F4679F2979B3EF00FED23C /* Project object */ = {
			isa = PBXProject;
			attributes = {
				BuildIndependentTargetsInParallel = 1;
				LastSwiftUpdateCheck = 1420;
				LastUpgradeCheck = 1420;
				TargetAttributes = {
					126918D4297ED8540031424C = {
						CreatedOnToolsVersion = 14.2;
					};
					12F467A62979B3EF00FED23C = {
						CreatedOnToolsVersion = 14.2;
					};
					12F467BC2979B4B100FED23C = {
						CreatedOnToolsVersion = 14.2;
						LastSwiftMigration = 1420;
					};
				};
			};
			buildConfigurationList = 12F467A22979B3EF00FED23C /* Build configuration list for PBXProject "idevicedebuglauncher" */;
			compatibilityVersion = "Xcode 14.0";
			developmentRegion = en;
			hasScannedForEncodings = 0;
			knownRegions = (
				en,
				Base,
			);
			mainGroup = 12F4679E2979B3EF00FED23C;
			packageReferences = (
				12F467E02979B7B300FED23C /* XCRemoteSwiftPackageReference "swifter" */,
			);
			productRefGroup = 12F467A82979B3EF00FED23C /* Products */;
			projectDirPath = "";
			projectRoot = "";
			targets = (
				12F467A62979B3EF00FED23C /* idevicedebuglauncher */,
				12F467BC2979B4B100FED23C /* daemon */,
				126918D4297ED8540031424C /* installer */,
			);
		};
/* End PBXProject section */

/* Begin PBXResourcesBuildPhase section */
		12F467A52979B3EF00FED23C /* Resources */ = {
			isa = PBXResourcesBuildPhase;
			buildActionMask = 2147483647;
			files = (
				12F467B22979B3F000FED23C /* Preview Assets.xcassets in Resources */,
				12F467AF2979B3F000FED23C /* Assets.xcassets in Resources */,
				1205D3522981151100BF36D0 /* compile in Resources */,
				12F467C82979B5B200FED23C /* daemon in Resources */,
			);
			runOnlyForDeploymentPostprocessing = 0;
		};
/* End PBXResourcesBuildPhase section */

/* Begin PBXShellScriptBuildPhase section */
		126918DC297ED8940031424C /* Generate Installer Package */ = {
			isa = PBXShellScriptBuildPhase;
			buildActionMask = 2147483647;
			files = (
			);
			inputFileListPaths = (
			);
			inputPaths = (
				"$(SRCROOT)/installer/generate_pkg.zsh",
				"$(SRCROOT)/installer/scripts",
			);
			name = "Generate Installer Package";
			outputFileListPaths = (
			);
			outputPaths = (
				"$(BUILT_PRODUCTS_DIR)/idevicedebuglauncher.pkg",
			);
			runOnlyForDeploymentPostprocessing = 0;
			shellPath = /bin/sh;
			shellScript = ". \"${SCRIPT_INPUT_FILE_0}\"\n";
		};
/* End PBXShellScriptBuildPhase section */

/* Begin PBXSourcesBuildPhase section */
		12F467A32979B3EF00FED23C /* Sources */ = {
			isa = PBXSourcesBuildPhase;
			buildActionMask = 2147483647;
			files = (
				12F467AD2979B3EF00FED23C /* ContentView.swift in Sources */,
				126918CF297E982C0031424C /* Commands.swift in Sources */,
				12F09E272982D8E50024F11D /* OTPView.swift in Sources */,
				1224722B2981A0CA00A6FD9A /* json.swift in Sources */,
				12F467AB2979B3EF00FED23C /* Main.swift in Sources */,
				126918D0297EB2930031424C /* types.swift in Sources */,
			);
			runOnlyForDeploymentPostprocessing = 0;
		};
		12F467B92979B4B100FED23C /* Sources */ = {
			isa = PBXSourcesBuildPhase;
			buildActionMask = 2147483647;
			files = (
				12F467D62979B67800FED23C /* arp.m in Sources */,
				12F467D92979B67800FED23C /* idevicedebug.c in Sources */,
				12F467D72979B67800FED23C /* address.m in Sources */,
				12F467D82979B67800FED23C /* chelpers.swift in Sources */,
				12F467DB2979B67800FED23C /* server.swift in Sources */,
				12F467DD2979B67800FED23C /* types.swift in Sources */,
				12849CF329827A0E00771E4B /* config.swift in Sources */,
				12A68D372983B5A60097B164 /* pair.c in Sources */,
				126918CD297E897E0031424C /* xpc.swift in Sources */,
				12D7B16D2979C04600593124 /* main.swift in Sources */,
				12F467DE2979B67800FED23C /* lib.swift in Sources */,
				12E2F4D02983D3730009D7A7 /* logger.swift in Sources */,
				12F467D52979B67800FED23C /* ideviceinfo.c in Sources */,
				12F467DC2979B67800FED23C /* routes.swift in Sources */,
				1224722C2981A0CA00A6FD9A /* json.swift in Sources */,
			);
			runOnlyForDeploymentPostprocessing = 0;
		};
/* End PBXSourcesBuildPhase section */

/* Begin PBXTargetDependency section */
		126918DE297ED99D0031424C /* PBXTargetDependency */ = {
			isa = PBXTargetDependency;
			target = 12F467A62979B3EF00FED23C /* idevicedebuglauncher */;
			targetProxy = 126918DD297ED99D0031424C /* PBXContainerItemProxy */;
		};
		12F467C62979B5A000FED23C /* PBXTargetDependency */ = {
			isa = PBXTargetDependency;
			target = 12F467BC2979B4B100FED23C /* daemon */;
			targetProxy = 12F467C52979B5A000FED23C /* PBXContainerItemProxy */;
		};
/* End PBXTargetDependency section */

/* Begin XCBuildConfiguration section */
		126918D9297ED8540031424C /* Debug */ = {
			isa = XCBuildConfiguration;
			buildSettings = {
				CODE_SIGN_ENTITLEMENTS = installer/installer.entitlements;
				CODE_SIGN_STYLE = Automatic;
				CURRENT_PROJECT_VERSION = 1;
				DEVELOPMENT_TEAM = 7K8DK3VS42;
				ENABLE_HARDENED_RUNTIME = NO;
				INFOPLIST_FILE = "$(SRCROOT)/installer/Info.plist";
				MARKETING_VERSION = 1.0;
				PRODUCT_BUNDLE_IDENTIFIER = com.jeroenwk.idevicedebuglauncher.installer;
				PRODUCT_NAME = "$(TARGET_NAME)";
				SWIFT_VERSION = 5.0;
			};
			name = Debug;
		};
		126918DA297ED8540031424C /* Release */ = {
			isa = XCBuildConfiguration;
			buildSettings = {
				CODE_SIGN_ENTITLEMENTS = installer/installer.entitlements;
				CODE_SIGN_STYLE = Automatic;
				CURRENT_PROJECT_VERSION = 1;
				DEVELOPMENT_TEAM = 7K8DK3VS42;
				ENABLE_HARDENED_RUNTIME = NO;
				INFOPLIST_FILE = "$(SRCROOT)/installer/Info.plist";
				MARKETING_VERSION = 1.0;
				PRODUCT_BUNDLE_IDENTIFIER = com.jeroenwk.idevicedebuglauncher.installer;
				PRODUCT_NAME = "$(TARGET_NAME)";
				SWIFT_VERSION = 5.0;
			};
			name = Release;
		};
		12F467B42979B3F000FED23C /* Debug */ = {
			isa = XCBuildConfiguration;
			buildSettings = {
				ALWAYS_SEARCH_USER_PATHS = NO;
				CLANG_ANALYZER_NONNULL = YES;
				CLANG_ANALYZER_NUMBER_OBJECT_CONVERSION = YES_AGGRESSIVE;
				CLANG_CXX_LANGUAGE_STANDARD = "gnu++20";
				CLANG_ENABLE_MODULES = YES;
				CLANG_ENABLE_OBJC_ARC = YES;
				CLANG_ENABLE_OBJC_WEAK = YES;
				CLANG_WARN_BLOCK_CAPTURE_AUTORELEASING = YES;
				CLANG_WARN_BOOL_CONVERSION = YES;
				CLANG_WARN_COMMA = YES;
				CLANG_WARN_CONSTANT_CONVERSION = YES;
				CLANG_WARN_DEPRECATED_OBJC_IMPLEMENTATIONS = YES;
				CLANG_WARN_DIRECT_OBJC_ISA_USAGE = YES_ERROR;
				CLANG_WARN_DOCUMENTATION_COMMENTS = YES;
				CLANG_WARN_EMPTY_BODY = YES;
				CLANG_WARN_ENUM_CONVERSION = YES;
				CLANG_WARN_INFINITE_RECURSION = YES;
				CLANG_WARN_INT_CONVERSION = YES;
				CLANG_WARN_NON_LITERAL_NULL_CONVERSION = YES;
				CLANG_WARN_OBJC_IMPLICIT_RETAIN_SELF = YES;
				CLANG_WARN_OBJC_LITERAL_CONVERSION = YES;
				CLANG_WARN_OBJC_ROOT_CLASS = YES_ERROR;
				CLANG_WARN_QUOTED_INCLUDE_IN_FRAMEWORK_HEADER = YES;
				CLANG_WARN_RANGE_LOOP_ANALYSIS = YES;
				CLANG_WARN_STRICT_PROTOTYPES = YES;
				CLANG_WARN_SUSPICIOUS_MOVE = YES;
				CLANG_WARN_UNGUARDED_AVAILABILITY = YES_AGGRESSIVE;
				CLANG_WARN_UNREACHABLE_CODE = YES;
				CLANG_WARN__DUPLICATE_METHOD_MATCH = YES;
				COPY_PHASE_STRIP = NO;
				DEBUG_INFORMATION_FORMAT = dwarf;
				ENABLE_STRICT_OBJC_MSGSEND = YES;
				ENABLE_TESTABILITY = YES;
				GCC_C_LANGUAGE_STANDARD = gnu11;
				GCC_DYNAMIC_NO_PIC = NO;
				GCC_NO_COMMON_BLOCKS = YES;
				GCC_OPTIMIZATION_LEVEL = 0;
				GCC_PREPROCESSOR_DEFINITIONS = (
					"DEBUG=1",
					"$(inherited)",
				);
				GCC_WARN_64_TO_32_BIT_CONVERSION = YES;
				GCC_WARN_ABOUT_RETURN_TYPE = YES_ERROR;
				GCC_WARN_UNDECLARED_SELECTOR = YES;
				GCC_WARN_UNINITIALIZED_AUTOS = YES_AGGRESSIVE;
				GCC_WARN_UNUSED_FUNCTION = YES;
				GCC_WARN_UNUSED_VARIABLE = YES;
				MACOSX_DEPLOYMENT_TARGET = 13.0;
				MTL_ENABLE_DEBUG_INFO = INCLUDE_SOURCE;
				MTL_FAST_MATH = YES;
				ONLY_ACTIVE_ARCH = YES;
				SDKROOT = macosx;
				SWIFT_ACTIVE_COMPILATION_CONDITIONS = DEBUG;
				SWIFT_OPTIMIZATION_LEVEL = "-Onone";
			};
			name = Debug;
		};
		12F467B52979B3F000FED23C /* Release */ = {
			isa = XCBuildConfiguration;
			buildSettings = {
				ALWAYS_SEARCH_USER_PATHS = NO;
				CLANG_ANALYZER_NONNULL = YES;
				CLANG_ANALYZER_NUMBER_OBJECT_CONVERSION = YES_AGGRESSIVE;
				CLANG_CXX_LANGUAGE_STANDARD = "gnu++20";
				CLANG_ENABLE_MODULES = YES;
				CLANG_ENABLE_OBJC_ARC = YES;
				CLANG_ENABLE_OBJC_WEAK = YES;
				CLANG_WARN_BLOCK_CAPTURE_AUTORELEASING = YES;
				CLANG_WARN_BOOL_CONVERSION = YES;
				CLANG_WARN_COMMA = YES;
				CLANG_WARN_CONSTANT_CONVERSION = YES;
				CLANG_WARN_DEPRECATED_OBJC_IMPLEMENTATIONS = YES;
				CLANG_WARN_DIRECT_OBJC_ISA_USAGE = YES_ERROR;
				CLANG_WARN_DOCUMENTATION_COMMENTS = YES;
				CLANG_WARN_EMPTY_BODY = YES;
				CLANG_WARN_ENUM_CONVERSION = YES;
				CLANG_WARN_INFINITE_RECURSION = YES;
				CLANG_WARN_INT_CONVERSION = YES;
				CLANG_WARN_NON_LITERAL_NULL_CONVERSION = YES;
				CLANG_WARN_OBJC_IMPLICIT_RETAIN_SELF = YES;
				CLANG_WARN_OBJC_LITERAL_CONVERSION = YES;
				CLANG_WARN_OBJC_ROOT_CLASS = YES_ERROR;
				CLANG_WARN_QUOTED_INCLUDE_IN_FRAMEWORK_HEADER = YES;
				CLANG_WARN_RANGE_LOOP_ANALYSIS = YES;
				CLANG_WARN_STRICT_PROTOTYPES = YES;
				CLANG_WARN_SUSPICIOUS_MOVE = YES;
				CLANG_WARN_UNGUARDED_AVAILABILITY = YES_AGGRESSIVE;
				CLANG_WARN_UNREACHABLE_CODE = YES;
				CLANG_WARN__DUPLICATE_METHOD_MATCH = YES;
				COPY_PHASE_STRIP = NO;
				DEBUG_INFORMATION_FORMAT = "dwarf-with-dsym";
				ENABLE_NS_ASSERTIONS = NO;
				ENABLE_STRICT_OBJC_MSGSEND = YES;
				GCC_C_LANGUAGE_STANDARD = gnu11;
				GCC_NO_COMMON_BLOCKS = YES;
				GCC_WARN_64_TO_32_BIT_CONVERSION = YES;
				GCC_WARN_ABOUT_RETURN_TYPE = YES_ERROR;
				GCC_WARN_UNDECLARED_SELECTOR = YES;
				GCC_WARN_UNINITIALIZED_AUTOS = YES_AGGRESSIVE;
				GCC_WARN_UNUSED_FUNCTION = YES;
				GCC_WARN_UNUSED_VARIABLE = YES;
				MACOSX_DEPLOYMENT_TARGET = 13.0;
				MTL_ENABLE_DEBUG_INFO = NO;
				MTL_FAST_MATH = YES;
				SDKROOT = macosx;
				SWIFT_COMPILATION_MODE = wholemodule;
				SWIFT_OPTIMIZATION_LEVEL = "-O";
			};
			name = Release;
		};
		12F467B72979B3F000FED23C /* Debug */ = {
			isa = XCBuildConfiguration;
			buildSettings = {
				ASSETCATALOG_COMPILER_APPICON_NAME = AppIcon;
				ASSETCATALOG_COMPILER_GLOBAL_ACCENT_COLOR_NAME = AccentColor;
				CODE_SIGN_ENTITLEMENTS = idevicedebuglauncher/idevicedebuglauncher.entitlements;
				CODE_SIGN_STYLE = Automatic;
				COMBINE_HIDPI_IMAGES = YES;
				CURRENT_PROJECT_VERSION = 1;
				DEVELOPMENT_ASSET_PATHS = "\"idevicedebuglauncher/Preview Content\"";
				DEVELOPMENT_TEAM = 7K8DK3VS42;
				ENABLE_HARDENED_RUNTIME = YES;
				ENABLE_PREVIEWS = YES;
				FRAMEWORK_SEARCH_PATHS = "";
				GENERATE_INFOPLIST_FILE = YES;
				INFOPLIST_KEY_LSApplicationCategoryType = "public.app-category.utilities";
				INFOPLIST_KEY_NSHumanReadableCopyright = "";
				LD_RUNPATH_SEARCH_PATHS = (
					"$(inherited)",
					"@executable_path/",
					"@loader_path/../Frameworks",
				);
				LIBRARY_SEARCH_PATHS = (
					"$(inherited)",
					"$(PROJECT_DIR)/lib/universal",
				);
				MARKETING_VERSION = 1.0;
				PRODUCT_BUNDLE_IDENTIFIER = com.jeroenwk.idevicedebuglauncher;
				PRODUCT_NAME = "$(TARGET_NAME)";
				SWIFT_EMIT_LOC_STRINGS = YES;
				SWIFT_VERSION = 5.0;
			};
			name = Debug;
		};
		12F467B82979B3F000FED23C /* Release */ = {
			isa = XCBuildConfiguration;
			buildSettings = {
				ASSETCATALOG_COMPILER_APPICON_NAME = AppIcon;
				ASSETCATALOG_COMPILER_GLOBAL_ACCENT_COLOR_NAME = AccentColor;
				CODE_SIGN_ENTITLEMENTS = idevicedebuglauncher/idevicedebuglauncher.entitlements;
				CODE_SIGN_STYLE = Automatic;
				COMBINE_HIDPI_IMAGES = YES;
				CURRENT_PROJECT_VERSION = 1;
				DEVELOPMENT_ASSET_PATHS = "\"idevicedebuglauncher/Preview Content\"";
				DEVELOPMENT_TEAM = 7K8DK3VS42;
				ENABLE_HARDENED_RUNTIME = YES;
				ENABLE_PREVIEWS = YES;
				FRAMEWORK_SEARCH_PATHS = "";
				GENERATE_INFOPLIST_FILE = YES;
				INFOPLIST_KEY_LSApplicationCategoryType = "public.app-category.utilities";
				INFOPLIST_KEY_NSHumanReadableCopyright = "";
				LD_RUNPATH_SEARCH_PATHS = (
					"$(inherited)",
					"@executable_path/",
					"@loader_path/../Frameworks",
				);
				LIBRARY_SEARCH_PATHS = (
					"$(inherited)",
					"$(PROJECT_DIR)/lib/universal",
				);
				MARKETING_VERSION = 1.0;
				PRODUCT_BUNDLE_IDENTIFIER = com.jeroenwk.idevicedebuglauncher;
				PRODUCT_NAME = "$(TARGET_NAME)";
				SWIFT_EMIT_LOC_STRINGS = YES;
				SWIFT_VERSION = 5.0;
			};
			name = Release;
		};
		12F467C22979B4B100FED23C /* Debug */ = {
			isa = XCBuildConfiguration;
			buildSettings = {
				CLANG_ENABLE_MODULES = YES;
				CODE_SIGN_ENTITLEMENTS = daemon/daemon.entitlements;
				CODE_SIGN_INJECT_BASE_ENTITLEMENTS = NO;
				CODE_SIGN_STYLE = Automatic;
				DEVELOPMENT_TEAM = 7K8DK3VS42;
				ENABLE_HARDENED_RUNTIME = NO;
				LD_RUNPATH_SEARCH_PATHS = (
					"$(inherited)",
					"@executable_path/",
					"@loader_path/../Frameworks",
				);
				LIBRARY_SEARCH_PATHS = (
					"$(inherited)",
					"$(PROJECT_DIR)/lib/universal",
					"$(PROJECT_DIR)/lib/arm64",
				);
				OTHER_CODE_SIGN_FLAGS = "$(inherited) -i $(PRODUCT_BUNDLE_IDENTIFIER)";
				OTHER_LDFLAGS = "";
				PRODUCT_BUNDLE_IDENTIFIER = com.jeroenwk.idevicedebuglauncher.daemon;
				PRODUCT_NAME = "$(TARGET_NAME)";
				SKIP_INSTALL = YES;
				SWIFT_OBJC_BRIDGING_HEADER = "daemon/daemon-Bridging-Header.h";
				SWIFT_OPTIMIZATION_LEVEL = "-Onone";
				SWIFT_VERSION = 5.0;
			};
			name = Debug;
		};
		12F467C32979B4B100FED23C /* Release */ = {
			isa = XCBuildConfiguration;
			buildSettings = {
				CLANG_ENABLE_MODULES = YES;
				CODE_SIGN_ENTITLEMENTS = daemon/daemon.entitlements;
				CODE_SIGN_INJECT_BASE_ENTITLEMENTS = NO;
				CODE_SIGN_STYLE = Automatic;
				DEVELOPMENT_TEAM = 7K8DK3VS42;
				ENABLE_HARDENED_RUNTIME = NO;
				LD_RUNPATH_SEARCH_PATHS = (
					"$(inherited)",
					"@executable_path/",
					"@loader_path/../Frameworks",
				);
				LIBRARY_SEARCH_PATHS = (
					"$(inherited)",
					"$(PROJECT_DIR)/lib/universal",
					"$(PROJECT_DIR)/lib/arm64",
				);
				OTHER_CODE_SIGN_FLAGS = "$(inherited) -i $(PRODUCT_BUNDLE_IDENTIFIER)";
				OTHER_LDFLAGS = "";
				PRODUCT_BUNDLE_IDENTIFIER = com.jeroenwk.idevicedebuglauncher.daemon;
				PRODUCT_NAME = "$(TARGET_NAME)";
				SKIP_INSTALL = YES;
				SWIFT_OBJC_BRIDGING_HEADER = "daemon/daemon-Bridging-Header.h";
				SWIFT_VERSION = 5.0;
			};
			name = Release;
		};
/* End XCBuildConfiguration section */

/* Begin XCConfigurationList section */
		126918DB297ED8540031424C /* Build configuration list for PBXNativeTarget "installer" */ = {
			isa = XCConfigurationList;
			buildConfigurations = (
				126918D9297ED8540031424C /* Debug */,
				126918DA297ED8540031424C /* Release */,
			);
			defaultConfigurationIsVisible = 0;
			defaultConfigurationName = Release;
		};
		12F467A22979B3EF00FED23C /* Build configuration list for PBXProject "idevicedebuglauncher" */ = {
			isa = XCConfigurationList;
			buildConfigurations = (
				12F467B42979B3F000FED23C /* Debug */,
				12F467B52979B3F000FED23C /* Release */,
			);
			defaultConfigurationIsVisible = 0;
			defaultConfigurationName = Release;
		};
		12F467B62979B3F000FED23C /* Build configuration list for PBXNativeTarget "idevicedebuglauncher" */ = {
			isa = XCConfigurationList;
			buildConfigurations = (
				12F467B72979B3F000FED23C /* Debug */,
				12F467B82979B3F000FED23C /* Release */,
			);
			defaultConfigurationIsVisible = 0;
			defaultConfigurationName = Release;
		};
		12F467C12979B4B100FED23C /* Build configuration list for PBXNativeTarget "daemon" */ = {
			isa = XCConfigurationList;
			buildConfigurations = (
				12F467C22979B4B100FED23C /* Debug */,
				12F467C32979B4B100FED23C /* Release */,
			);
			defaultConfigurationIsVisible = 0;
			defaultConfigurationName = Release;
		};
/* End XCConfigurationList section */

/* Begin XCRemoteSwiftPackageReference section */
		12F467E02979B7B300FED23C /* XCRemoteSwiftPackageReference "swifter" */ = {
			isa = XCRemoteSwiftPackageReference;
			repositoryURL = "https://github.com/httpswift/swifter";
			requirement = {
				kind = upToNextMajorVersion;
				minimumVersion = 1.0.0;
			};
		};
/* End XCRemoteSwiftPackageReference section */

/* Begin XCSwiftPackageProductDependency section */
		12F467E42979B81900FED23C /* Swifter */ = {
			isa = XCSwiftPackageProductDependency;
			package = 12F467E02979B7B300FED23C /* XCRemoteSwiftPackageReference "swifter" */;
			productName = Swifter;
		};
/* End XCSwiftPackageProductDependency section */
	};
	rootObject = 12F4679F2979B3EF00FED23C /* Project object */;
}
